{
    "_readme": [
        "This file locks the dependencies of your project to a known state",
        "Read more about it at https://getcomposer.org/doc/01-basic-usage.md#installing-dependencies",
        "This file is @generated automatically"
    ],
    "content-hash": "3fa3345696aba7bf58d9c0841a65335d",
    "packages": [
        {
            "name": "mysql/pdo",
            "version": "dev-master",
            "dist": {
                "type": "path",
                "url": "D:/phpstudy/project/private/PDO_MySQL",
                "reference": "4805eeb9e1dc7c163ec07775c18512afd28306c5",
                "shasum": null
            },
            "require": {
                "php": ">=7.0.0"
            },
            "type": "library",
            "autoload": {
                "psr-4": {
                    "pdo\\": "src/"
                }
            },
            "license": [
                "MIT"
            ],
            "authors": [
                {
                    "name": "keke",
                    "email": "liutongke@live.com"
                }
            ],
            "description": "this is example"
        },
        {
            "name": "sapi/vendor",
            "version": "dev-master",
            "dist": {
                "type": "path",
                "url": "D:/phpstudy/project/private/sapi-vendor",
                "reference": "fe85e90462d7279f007ea37ad9e0270ff447fe94",
                "shasum": null
            },
            "require": {
                "php": ">=7.0"
            },
            "type": "library",
            "autoload": {
                "psr-4": {
                    "Sapi\\": "src"
                },
                "files": [
                    "src/Function.php"
                ]
            },
            "license": [
                "MIT"
            ],
            "authors": [
                {
                    "name": "liutongke",
                    "email": "liutongke@live.com"
                }
            ],
            "description": "this is sapi vendor"
        }
    ],
    "packages-dev": [],
    "aliases": [],
    "minimum-stability": "stable",
    "stability-flags": {
        "sapi/vendor": 20,
        "mysql/pdo": 20
    },
    "prefer-stable": false,
    "prefer-lowest": false,
    "platform": [],
    "platform-dev": []
}
