{
    "_readme": [
        "This file locks the dependencies of your project to a known state",
        "Read more about it at https://getcomposer.org/doc/01-basic-usage.md#installing-dependencies",
        "This file is @generated automatically"
    ],
    "content-hash": "f952a8b07ce391978305e1e12c4e53ab",
    "packages": [
        {
            "name": "api-swoole/sapi",
            "version": "dev-main",
            "dist": {
                "type": "path",
                "url": "/var/www/html/apiswoole-core",
                "reference": "49dcf9c279cbae4308678210052679d916a25b62"
            },
            "type": "library",
            "autoload": {
                "psr-4": {
                    "Sapi\\": "src/"
                }
            },
            "authors": [
                {
                    "name": "PHP科科",
                    "email": "liutongke@live.com"
                }
            ],
            "description": "基于swoole实现的一个轻量级框架，支持http/websocket。",
            "keywords": [
                "php",
                "swoole"
            ],
            "transport-options": {
                "relative": false
            }
        }
    ],
    "packages-dev": [],
    "aliases": [],
    "minimum-stability": "dev",
    "stability-flags": {
        "api-swoole/sapi": 20
    },
    "prefer-stable": false,
    "prefer-lowest": false,
    "platform": [],
    "platform-dev": [],
    "plugin-api-version": "2.3.0"
}
